
Microsoft Visual Studio Solution File, Format Version 12.00
# Visual Studio 14
VisualStudioVersion = 14.0.25420.1
MinimumVisualStudioVersion = 10.0.40219.1
Project("{2150E333-8FDC-42A3-9474-1A3956D46DE8}") = ".nuget", ".nuget", "{0D128B63-EE01-4DE2-88C5-28C665AE6FAB}"
	ProjectSection(SolutionItems) = preProject
		..\..\..\proj\TravelAgency\FPCS\.nuget\NuGet.Config = ..\..\..\proj\TravelAgency\FPCS\.nuget\NuGet.Config
		..\..\..\proj\TravelAgency\FPCS\.nuget\NuGet.exe = ..\..\..\proj\TravelAgency\FPCS\.nuget\NuGet.exe
		..\..\..\proj\TravelAgency\FPCS\.nuget\NuGet.targets = ..\..\..\proj\TravelAgency\FPCS\.nuget\NuGet.targets
	EndProjectSection
EndProject
Project("{FAE04EC0-301F-11D3-BF4B-00C04F79EFBC}") = "FPCS.Core", "FPCS.Core\FPCS.Core.csproj", "{B9F1A3A0-0306-4F3B-9D1B-E3CF43EDB34C}"
EndProject
Project("{FAE04EC0-301F-11D3-BF4B-00C04F79EFBC}") = "FPCS.Data", "FPCS.Data\FPCS.Data.csproj", "{7CD9E7FF-6FD8-4604-9444-D2425B2FEEE7}"
EndProject
Project("{FAE04EC0-301F-11D3-BF4B-00C04F79EFBC}") = "FPCS.Web.Admin", "FPCS.Web.Admin\FPCS.Web.Admin.csproj", "{7B7E1646-E2EB-4269-887B-D64382B5C9E1}"
EndProject
Global
	GlobalSection(SolutionConfigurationPlatforms) = preSolution
		Debug|Any CPU = Debug|Any CPU
		Release|Any CPU = Release|Any CPU
	EndGlobalSection
	GlobalSection(ProjectConfigurationPlatforms) = postSolution
		{B9F1A3A0-0306-4F3B-9D1B-E3CF43EDB34C}.Debug|Any CPU.ActiveCfg = Debug|Any CPU
		{B9F1A3A0-0306-4F3B-9D1B-E3CF43EDB34C}.Debug|Any CPU.Build.0 = Debug|Any CPU
		{B9F1A3A0-0306-4F3B-9D1B-E3CF43EDB34C}.Release|Any CPU.ActiveCfg = Release|Any CPU
		{B9F1A3A0-0306-4F3B-9D1B-E3CF43EDB34C}.Release|Any CPU.Build.0 = Release|Any CPU
		{7CD9E7FF-6FD8-4604-9444-D2425B2FEEE7}.Debug|Any CPU.ActiveCfg = Debug|Any CPU
		{7CD9E7FF-6FD8-4604-9444-D2425B2FEEE7}.Debug|Any CPU.Build.0 = Debug|Any CPU
		{7CD9E7FF-6FD8-4604-9444-D2425B2FEEE7}.Release|Any CPU.ActiveCfg = Release|Any CPU
		{7CD9E7FF-6FD8-4604-9444-D2425B2FEEE7}.Release|Any CPU.Build.0 = Release|Any CPU
		{7B7E1646-E2EB-4269-887B-D64382B5C9E1}.Debug|Any CPU.ActiveCfg = Debug|Any CPU
		{7B7E1646-E2EB-4269-887B-D64382B5C9E1}.Debug|Any CPU.Build.0 = Debug|Any CPU
		{7B7E1646-E2EB-4269-887B-D64382B5C9E1}.Release|Any CPU.ActiveCfg = Release|Any CPU
		{7B7E1646-E2EB-4269-887B-D64382B5C9E1}.Release|Any CPU.Build.0 = Release|Any CPU
	EndGlobalSection
	GlobalSection(SolutionProperties) = preSolution
		HideSolutionNode = FALSE
	EndGlobalSection
EndGlobal
